<?xml version="1.0" encoding="UTF-8" standalone="yes" ?>
<CodeBlocks_project_file>
	<FileVersion major="1" minor="6" />
	<Project>
		<Option title="crorc-driver" />
		<Option pch_mode="2" />
		<Option compiler="gcc" />
		<Build>
			<Target title="Debug">
				<Option output="bin/Debug/crorc-driver" prefix_auto="1" extension_auto="1" />
				<Option object_output="obj/Debug/" />
				<Option type="1" />
				<Option compiler="gcc" />
				<Compiler>
					<Add option="-g" />
				</Compiler>
			</Target>
		</Build>
		<Compiler>
			<Add option="-Wall" />
			<Add option="-fexceptions" />
		</Compiler>
		<Unit filename="apps/src/board_test.cpp" />
		<Unit filename="apps/src/crorc_preallocator.cpp" />
		<Unit filename="apps/src/dma_monitor.cpp" />
		<Unit filename="apps/src/event_handling.h" />
		<Unit filename="apps/src/gtxdma_continuous.cpp" />
		<Unit filename="apps/src/helper_functions.h" />
		<Unit filename="apps/src/pgdma_continuous.cpp" />
		<Unit filename="apps/src/rorctl.cpp" />
		<Unit filename="librorc/include/librorc.h" />
		<Unit filename="librorc/src/librorc_bar_proto.hh" />
		<Unit filename="librorc/src/librorc_defines.hh" />
		<Unit filename="librorc/src/librorc_flash.cpp" />
		<Unit filename="librorc/src/librorc_flash.hh" />
		<Unit filename="librorc/src/rorcfs_bar.cpp" />
		<Unit filename="librorc/src/rorcfs_bar.hh" />
		<Unit filename="librorc/src/rorcfs_bar_includes.hh" />
		<Unit filename="librorc/src/rorcfs_buffer.cpp" />
		<Unit filename="librorc/src/rorcfs_buffer.hh" />
		<Unit filename="librorc/src/rorcfs_device.cpp" />
		<Unit filename="librorc/src/rorcfs_device.hh" />
		<Unit filename="librorc/src/rorcfs_dma_channel.cpp" />
		<Unit filename="librorc/src/rorcfs_dma_channel.hh" />
		<Unit filename="librorc/src/rorcfs_flash_htg.hh" />
		<Unit filename="librorc/src/rorcfs_sysmon.cpp" />
		<Unit filename="librorc/src/rorcfs_sysmon.hh" />
		<Unit filename="librorc/src/sim_bar.cpp" />
		<Unit filename="librorc/src/sim_bar.hh" />
		<Extensions>
			<code_completion />
			<debugger />
		</Extensions>
	</Project>
</CodeBlocks_project_file>
