<?xml version="1.0" encoding="UTF-8" standalone="yes" ?>
<CodeBlocks_project_file>
	<FileVersion major="1" minor="6" />
	<Project>
		<Option title="crorc-driver" />
		<Option pch_mode="2" />
		<Option compiler="gcc" />
		<Build>
			<Target title="Debug">
				<Option output="bin/Debug/crorc-driver" prefix_auto="1" extension_auto="1" />
				<Option object_output="obj/Debug/" />
				<Option type="1" />
				<Option compiler="gcc" />
				<Compiler>
					<Add option="-g" />
				</Compiler>
			</Target>
		</Build>
		<Compiler>
			<Add option="-Wall" />
			<Add option="-fexceptions" />
		</Compiler>
		<Unit filename="fli/flisock.c">
			<Option compilerVar="CC" />
		</Unit>
		<Unit filename="fli/flisock.h" />
		<Unit filename="include/event_generation.h" />
		<Unit filename="include/event_handling.h" />
		<Unit filename="include/helper_functions.h" />
		<Unit filename="include/librorc.h" />
		<Unit filename="include/librorc/bar.hh" />
		<Unit filename="include/librorc/bar_proto.hh" />
		<Unit filename="include/librorc/buffer.hh" />
		<Unit filename="include/librorc/defines.hh" />
		<Unit filename="include/librorc/device.hh" />
		<Unit filename="include/librorc/dma_channel.hh" />
		<Unit filename="include/librorc/flash.hh" />
		<Unit filename="include/librorc/include_ext.hh" />
		<Unit filename="include/librorc/include_int.hh" />
		<Unit filename="include/librorc/registers.h" />
		<Unit filename="include/librorc/sim_bar.hh" />
		<Unit filename="include/librorc/sysmon.hh" />
		<Unit filename="include/mti.h" />
		<Unit filename="src/bar.cpp" />
		<Unit filename="src/buffer.cpp" />
		<Unit filename="src/device.cpp" />
		<Unit filename="src/dma_channel.cpp" />
		<Unit filename="src/flash.cpp" />
		<Unit filename="src/sim_bar.cpp" />
		<Unit filename="src/sysmon.cpp" />
		<Unit filename="tools_src/buffer_handling/bufferstats.cpp" />
		<Unit filename="tools_src/buffer_handling/crorc_preallocator.cpp" />
		<Unit filename="tools_src/dma/dma_handling.cpp" />
		<Unit filename="tools_src/dma/dma_handling.hh" />
		<Unit filename="tools_src/dma/gtxdma_continuous.cpp" />
		<Unit filename="tools_src/dma/pgdma_continuous.cpp" />
		<Unit filename="tools_src/dma_monitor/dma_monitor.cpp" />
		<Unit filename="tools_src/hlt_out_writer/hlt_out_writer.cpp" />
		<Unit filename="tools_src/hwtest/test_fmc.cpp" />
		<Unit filename="tools_src/linkctrl/gtxctrl.cpp" />
		<Unit filename="tools_src/rorctl/i2c.cpp" />
		<Unit filename="tools_src/rorctl/refclkgenctrl.cpp" />
		<Unit filename="tools_src/rorctl/rorctl.cpp" />
		<Unit filename="tools_src/rorctl/ucctrl.cpp" />
		<Extensions>
			<code_completion />
			<debugger />
		</Extensions>
	</Project>
</CodeBlocks_project_file>
